
Microsoft Visual Studio Solution File, Format Version 12.00
# Visual Studio Version 16
VisualStudioVersion = 25.0.1705.2
MinimumVisualStudioVersion = 10.0.40219.1
Project("{FAE04EC0-301F-11D3-BF4B-00C04F79EFBC}") = "intex-2023-api", "intex-2023-api.csproj", "{D8654C9C-06D1-46F2-8419-9F8D525052F6}"
EndProject
Global
	GlobalSection(SolutionConfigurationPlatforms) = preSolution
		Debug|Any CPU = Debug|Any CPU
		Release|Any CPU = Release|Any CPU
	EndGlobalSection
	GlobalSection(ProjectConfigurationPlatforms) = postSolution
		{D8654C9C-06D1-46F2-8419-9F8D525052F6}.Debug|Any CPU.ActiveCfg = Debug|Any CPU
		{D8654C9C-06D1-46F2-8419-9F8D525052F6}.Debug|Any CPU.Build.0 = Debug|Any CPU
		{D8654C9C-06D1-46F2-8419-9F8D525052F6}.Release|Any CPU.ActiveCfg = Release|Any CPU
		{D8654C9C-06D1-46F2-8419-9F8D525052F6}.Release|Any CPU.Build.0 = Release|Any CPU
	EndGlobalSection
	GlobalSection(SolutionProperties) = preSolution
		HideSolutionNode = FALSE
	EndGlobalSection
	GlobalSection(ExtensibilityGlobals) = postSolution
		SolutionGuid = {D17A1EF6-52FB-47D2-8F16-0AF6D5297210}
	EndGlobalSection
EndGlobal
